<?xml version="1.0" encoding="utf-8"?>
<Project ToolsVersion="4.0" xmlns="http://schemas.microsoft.com/developer/msbuild/2003">
  <ItemGroup>
    <Filter Include="Source Files">
      <UniqueIdentifier>{4FC737F1-C7A5-4376-A066-2A32D752A2FF}</UniqueIdentifier>
      <Extensions>cpp;c;cc;cxx;def;odl;idl;hpj;bat;asm;asmx</Extensions>
    </Filter>
    <Filter Include="Header Files">
      <UniqueIdentifier>{93995380-89BD-4b04-88EB-625FBE52EBFB}</UniqueIdentifier>
      <Extensions>h;hpp;hxx;hm;inl;inc;xsd</Extensions>
    </Filter>
    <Filter Include="Resource Files">
      <UniqueIdentifier>{67DA6AB6-F800-4c08-8B7A-83BB121AAD01}</UniqueIdentifier>
      <Extensions>rc;ico;cur;bmp;dlg;rc2;rct;bin;rgs;gif;jpg;jpeg;jpe;resx;tiff;tif;png;wav;mfcribbon-ms</Extensions>
    </Filter>
    <Filter Include="Source Files\mhook-lib">
      <UniqueIdentifier>{7cb7d93d-ead2-4f37-ab81-a25292ad4a09}</UniqueIdentifier>
    </Filter>
    <Filter Include="Source Files\disasm-lib">
      <UniqueIdentifier>{83bbae30-80e0-429d-85c8-8e51ff57a95d}</UniqueIdentifier>
    </Filter>
    <Filter Include="Header Files\disasm-lib">
      <UniqueIdentifier>{a02e7845-835a-4def-b158-90dae83ace52}</UniqueIdentifier>
    </Filter>
    <Filter Include="Header Files\mhook-lib">
      <UniqueIdentifier>{6f9e55c5-fc82-4bf1-ae7a-ff54e58d3e91}</UniqueIdentifier>
    </Filter>
    <Filter Include="Source Files\trace-lib">
      <UniqueIdentifier>{c4c77686-74e0-4060-ad66-bf1c45e024ab}</UniqueIdentifier>
    </Filter>
    <Filter Include="Header Files\trace-lib">
      <UniqueIdentifier>{1be83422-00ec-4f6f-a924-2c491f545bc5}</UniqueIdentifier>
    </Filter>
  </ItemGroup>
  <ItemGroup>
    <ClInclude Include="stdafx.h">
      <Filter>Header Files</Filter>
    </ClInclude>
    <ClInclude Include="targetver.h">
      <Filter>Header Files</Filter>
    </ClInclude>
    <ClInclude Include="disasm-lib\cpu.h">
      <Filter>Header Files\disasm-lib</Filter>
    </ClInclude>
    <ClInclude Include="disasm-lib\disasm.h">
      <Filter>Header Files\disasm-lib</Filter>
    </ClInclude>
    <ClInclude Include="disasm-lib\disasm_x86.h">
      <Filter>Header Files\disasm-lib</Filter>
    </ClInclude>
    <ClInclude Include="disasm-lib\disasm_x86_tables.h">
      <Filter>Header Files\disasm-lib</Filter>
    </ClInclude>
    <ClInclude Include="disasm-lib\misc.h">
      <Filter>Header Files\disasm-lib</Filter>
    </ClInclude>
    <ClInclude Include="mhook-lib\mhook.h">
      <Filter>Header Files\mhook-lib</Filter>
    </ClInclude>
    <ClInclude Include="trace-lib\trace.h">
      <Filter>Header Files\trace-lib</Filter>
    </ClInclude>
    <ClInclude Include="utils.h">
      <Filter>Header Files</Filter>
    </ClInclude>
    <ClInclude Include="nativeapi.h">
      <Filter>Header Files</Filter>
    </ClInclude>
  </ItemGroup>
  <ItemGroup>
    <ClCompile Include="stdafx.cpp">
      <Filter>Source Files</Filter>
    </ClCompile>
    <ClCompile Include="dllmain.cpp">
      <Filter>Source Files</Filter>
    </ClCompile>
    <ClCompile Include="mhook-lib\mhook.cpp">
      <Filter>Source Files\mhook-lib</Filter>
    </ClCompile>
    <ClCompile Include="disasm-lib\cpu.c">
      <Filter>Source Files\disasm-lib</Filter>
    </ClCompile>
    <ClCompile Include="disasm-lib\disasm.c">
      <Filter>Source Files\disasm-lib</Filter>
    </ClCompile>
    <ClCompile Include="disasm-lib\disasm_x86.c">
      <Filter>Source Files\disasm-lib</Filter>
    </ClCompile>
    <ClCompile Include="disasm-lib\misc.c">
      <Filter>Source Files\disasm-lib</Filter>
    </ClCompile>
    <ClCompile Include="trace-lib\trace.cpp">
      <Filter>Source Files\trace-lib</Filter>
    </ClCompile>
    <ClCompile Include="utils.cpp">
      <Filter>Source Files</Filter>
    </ClCompile>
  </ItemGroup>
</Project>